# THIS IS AN AUTOGENERATED FILE. DO NOT EDIT THIS FILE DIRECTLY.
# yarn lockfile v1


chriszj@^1.5.8:
  version "1.5.8"
  resolved "https://registry.npmjs.org/chriszj/-/chriszj-1.5.8.tgz#5d1a016fee284fe3414ff0e09f6f4db7068f8797"
  integrity sha512-ag8tnn5rxOAR/5H3VbIK6aNTI3CZFFV0fNrsh/vXbdKNX6eHFE7CGz/nOjszsvhSJ4HM5VLspVwUGnXkdPHEAw==
  dependencies:
    chriszj "^1.5.8"
